
Microsoft Visual Studio Solution File, Format Version 12.00
# Visual Studio Version 16
VisualStudioVersion = 16.0.30804.86
MinimumVisualStudioVersion = 10.0.40219.1
Project("{FAE04EC0-301F-11D3-BF4B-00C04F79EFBC}") = "RBC.NHibernate.NLog", "RBC.NHibernate.NLog.csproj", "{38DCECDB-8172-4240-879D-65A8307E161B}"
EndProject
Global
	GlobalSection(SolutionConfigurationPlatforms) = preSolution
		Debug|Any CPU = Debug|Any CPU
		Release|Any CPU = Release|Any CPU
	EndGlobalSection
	GlobalSection(ProjectConfigurationPlatforms) = postSolution
		{38DCECDB-8172-4240-879D-65A8307E161B}.Debug|Any CPU.ActiveCfg = Debug|Any CPU
		{38DCECDB-8172-4240-879D-65A8307E161B}.Debug|Any CPU.Build.0 = Debug|Any CPU
		{38DCECDB-8172-4240-879D-65A8307E161B}.Release|Any CPU.ActiveCfg = Release|Any CPU
		{38DCECDB-8172-4240-879D-65A8307E161B}.Release|Any CPU.Build.0 = Release|Any CPU
	EndGlobalSection
	GlobalSection(SolutionProperties) = preSolution
		HideSolutionNode = FALSE
	EndGlobalSection
	GlobalSection(ExtensibilityGlobals) = postSolution
		SolutionGuid = {45B3A746-BAE1-4905-BB87-F79816E76937}
	EndGlobalSection
EndGlobal
